PODS:
  - HGCircularSlider (2.0.0)
  - Realm (2.4.2):
    - Realm/Headers (= 2.4.2)
  - Realm/Headers (2.4.2)
  - RealmSwift (2.4.2):
    - Realm (= 2.4.2)
  - SwipeCellKit (1.1.0)
  - YouTubePlayer (0.4.0)

DEPENDENCIES:
  - HGCircularSlider (~> 2.0.0)
  - Realm (from `https://github.com/realm/realm-cocoa.git`, branch `master`)
  - RealmSwift (from `https://github.com/realm/realm-cocoa.git`, branch `master`)
  - SwipeCellKit
  - YouTubePlayer

EXTERNAL SOURCES:
  Realm:
    :branch: master
    :git: https://github.com/realm/realm-cocoa.git
    :submodules: true
  RealmSwift:
    :branch: master
    :git: https://github.com/realm/realm-cocoa.git
    :submodules: true

CHECKOUT OPTIONS:
  Realm:
    :commit: 15cd120131f04304a88185171e8bf71a5c2369fb
    :git: https://github.com/realm/realm-cocoa.git
    :submodules: true
  RealmSwift:
    :commit: 15cd120131f04304a88185171e8bf71a5c2369fb
    :git: https://github.com/realm/realm-cocoa.git
    :submodules: true

SPEC CHECKSUMS:
  HGCircularSlider: 92e2ee098c814709f455b8f46cd9008147f6a869
  Realm: d27b758e12d62a3371879a065d4c40aa212c5a54
  RealmSwift: a2485af6fd62369e7126ce0af43ff5430de1e77a
  SwipeCellKit: 027b1df87c42b3c88a0b407f9d0fa1718d521d62
  YouTubePlayer: 028451f6772f372d4759866db99824c676ac1473

PODFILE CHECKSUM: 8875a8143c6bd3d1ce842e399e72de1a2e5130d7

COCOAPODS: 1.1.1
