PODS:
  - Realm (1.1.0):
    - Realm/Headers (= 1.1.0)
  - Realm/Headers (1.1.0)
  - RealmSwift (1.1.0):
    - Realm (= 1.1.0)
  - SwiftyVK (1.3)

DEPENDENCIES:
  - Realm (from `https://github.com/realm/realm-cocoa.git`, branch `master`)
  - RealmSwift (from `https://github.com/realm/realm-cocoa.git`, branch `master`)
  - SwiftyVK (from `https://github.com/WE-St0r/SwiftyVK.git`)

EXTERNAL SOURCES:
  Realm:
    :branch: master
    :git: https://github.com/realm/realm-cocoa.git
    :submodules: true
  RealmSwift:
    :branch: master
    :git: https://github.com/realm/realm-cocoa.git
    :submodules: true
  SwiftyVK:
    :git: https://github.com/WE-St0r/SwiftyVK.git

CHECKOUT OPTIONS:
  Realm:
    :commit: 5fbb4ce86b0679c2ced0babd2f1cfaf33f5dd68f
    :git: https://github.com/realm/realm-cocoa.git
    :submodules: true
  RealmSwift:
    :commit: 5fbb4ce86b0679c2ced0babd2f1cfaf33f5dd68f
    :git: https://github.com/realm/realm-cocoa.git
    :submodules: true
  SwiftyVK:
    :commit: 864c719ae55575b35dcc0045f27891c08766b230
    :git: https://github.com/WE-St0r/SwiftyVK.git

SPEC CHECKSUMS:
  Realm: ceecf1a4540c4ce9efe196fe73fa9855bce05bd8
  RealmSwift: 838058b2db95b12cb86bd0cf209df642c33fb60a
  SwiftyVK: 7d6901c718b05e713c825292137d64b40b8a9138

PODFILE CHECKSUM: 62b1fc4174ec7c903a674d78fe69345a99ae8184

COCOAPODS: 1.1.1
